
Microsoft Visual Studio Solution File, Format Version 12.00
# Visual Studio 15
VisualStudioVersion = 15.0.27428.2005
MinimumVisualStudioVersion = 10.0.40219.1
Project("{8BC9CEB8-8B4A-11D0-8D11-00A0C91BC942}") = "setpa5s", "setpa5s.vcxproj", "{CD4BC79C-CCD5-4CE2-92EC-6FA8BF107378}"
EndProject
Project("{8BC9CEB8-8B4A-11D0-8D11-00A0C91BC942}") = "SetPA5", "SetPA5\SetPA5.vcxproj", "{113E283E-27E2-4658-8B9F-CF8EB9318798}"
EndProject
Global
	GlobalSection(SolutionConfigurationPlatforms) = preSolution
		Debug|x64 = Debug|x64
		Debug|x86 = Debug|x86
		Release|x64 = Release|x64
		Release|x86 = Release|x86
	EndGlobalSection
	GlobalSection(ProjectConfigurationPlatforms) = postSolution
		{CD4BC79C-CCD5-4CE2-92EC-6FA8BF107378}.Debug|x64.ActiveCfg = Debug|x64
		{CD4BC79C-CCD5-4CE2-92EC-6FA8BF107378}.Debug|x64.Build.0 = Debug|x64
		{CD4BC79C-CCD5-4CE2-92EC-6FA8BF107378}.Debug|x86.ActiveCfg = Debug|Win32
		{CD4BC79C-CCD5-4CE2-92EC-6FA8BF107378}.Debug|x86.Build.0 = Debug|Win32
		{CD4BC79C-CCD5-4CE2-92EC-6FA8BF107378}.Release|x64.ActiveCfg = Release|x64
		{CD4BC79C-CCD5-4CE2-92EC-6FA8BF107378}.Release|x64.Build.0 = Release|x64
		{CD4BC79C-CCD5-4CE2-92EC-6FA8BF107378}.Release|x86.ActiveCfg = Release|Win32
		{CD4BC79C-CCD5-4CE2-92EC-6FA8BF107378}.Release|x86.Build.0 = Release|Win32
		{113E283E-27E2-4658-8B9F-CF8EB9318798}.Debug|x64.ActiveCfg = Debug|Win32
		{113E283E-27E2-4658-8B9F-CF8EB9318798}.Debug|x86.ActiveCfg = Debug|Win32
		{113E283E-27E2-4658-8B9F-CF8EB9318798}.Debug|x86.Build.0 = Debug|Win32
		{113E283E-27E2-4658-8B9F-CF8EB9318798}.Release|x64.ActiveCfg = Release|Win32
		{113E283E-27E2-4658-8B9F-CF8EB9318798}.Release|x86.ActiveCfg = Release|Win32
		{113E283E-27E2-4658-8B9F-CF8EB9318798}.Release|x86.Build.0 = Release|Win32
	EndGlobalSection
	GlobalSection(SolutionProperties) = preSolution
		HideSolutionNode = FALSE
	EndGlobalSection
	GlobalSection(ExtensibilityGlobals) = postSolution
		SolutionGuid = {9E3CD708-BF4B-47BC-8B4F-4E5EF7A1BE7B}
	EndGlobalSection
EndGlobal
